// !$*UTF8*$!
{
	archiveVersion = 1;
	classes = {
	};
	objectVersion = 46;
	objects = {

/* Begin PBXBuildFile section */
		EABA3FD81F06160A00664D3E /* main.m in Sources */ = {isa = PBXBuildFile; fileRef = EABA3FD71F06160A00664D3E /* main.m */; };
		EABA3FDB1F06160A00664D3E /* AppDelegate.m in Sources */ = {isa = PBXBuildFile; fileRef = EABA3FDA1F06160A00664D3E /* AppDelegate.m */; };
		EABA3FDE1F06160A00664D3E /* ViewController.m in Sources */ = {isa = PBXBuildFile; fileRef = EABA3FDD1F06160A00664D3E /* ViewController.m */; };
		EABA3FE11F06160A00664D3E /* Main.storyboard in Resources */ = {isa = PBXBuildFile; fileRef = EABA3FDF1F06160A00664D3E /* Main.storyboard */; };
		EABA3FE31F06160A00664D3E /* Assets.xcassets in Resources */ = {isa = PBXBuildFile; fileRef = EABA3FE21F06160A00664D3E /* Assets.xcassets */; };
		EABA3FE61F06160A00664D3E /* LaunchScreen.storyboard in Resources */ = {isa = PBXBuildFile; fileRef = EABA3FE41F06160A00664D3E /* LaunchScreen.storyboard */; };
		EABA3FF11F06160B00664D3E /* MyShareViewTests.m in Sources */ = {isa = PBXBuildFile; fileRef = EABA3FF01F06160B00664D3E /* MyShareViewTests.m */; };
		EABA3FFC1F06160B00664D3E /* MyShareViewUITests.m in Sources */ = {isa = PBXBuildFile; fileRef = EABA3FFB1F06160B00664D3E /* MyShareViewUITests.m */; };
		EABA400B1F06164D00664D3E /* MyShareView.m in Sources */ = {isa = PBXBuildFile; fileRef = EABA400A1F06164D00664D3E /* MyShareView.m */; };
/* End PBXBuildFile section */

/* Begin PBXContainerItemProxy section */
		EABA3FED1F06160B00664D3E /* PBXContainerItemProxy */ = {
			isa = PBXContainerItemProxy;
			containerPortal = EABA3FCB1F06160A00664D3E /* Project object */;
			proxyType = 1;
			remoteGlobalIDString = EABA3FD21F06160A00664D3E;
			remoteInfo = MyShareView;
		};
		EABA3FF81F06160B00664D3E /* PBXContainerItemProxy */ = {
			isa = PBXContainerItemProxy;
			containerPortal = EABA3FCB1F06160A00664D3E /* Project object */;
			proxyType = 1;
			remoteGlobalIDString = EABA3FD21F06160A00664D3E;
			remoteInfo = MyShareView;
		};
/* End PBXContainerItemProxy section */

/* Begin PBXFileReference section */
		EABA3FD31F06160A00664D3E /* MyShareView.app */ = {isa = PBXFileReference; explicitFileType = wrapper.application; includeInIndex = 0; path = MyShareView.app; sourceTree = BUILT_PRODUCTS_DIR; };
		EABA3FD71F06160A00664D3E /* main.m */ = {isa = PBXFileReference; lastKnownFileType = sourcecode.c.objc; path = main.m; sourceTree = "<group>"; };
		EABA3FD91F06160A00664D3E /* AppDelegate.h */ = {isa = PBXFileReference; lastKnownFileType = sourcecode.c.h; path = AppDelegate.h; sourceTree = "<group>"; };
		EABA3FDA1F06160A00664D3E /* AppDelegate.m */ = {isa = PBXFileReference; lastKnownFileType = sourcecode.c.objc; path = AppDelegate.m; sourceTree = "<group>"; };
		EABA3FDC1F06160A00664D3E /* ViewController.h */ = {isa = PBXFileReference; lastKnownFileType = sourcecode.c.h; path = ViewController.h; sourceTree = "<group>"; };
		EABA3FDD1F06160A00664D3E /* ViewController.m */ = {isa = PBXFileReference; lastKnownFileType = sourcecode.c.objc; path = ViewController.m; sourceTree = "<group>"; };
		EABA3FE01F06160A00664D3E /* Base */ = {isa = PBXFileReference; lastKnownFileType = file.storyboard; name = Base; path = Base.lproj/Main.storyboard; sourceTree = "<group>"; };
		EABA3FE21F06160A00664D3E /* Assets.xcassets */ = {isa = PBXFileReference; lastKnownFileType = folder.assetcatalog; path = Assets.xcassets; sourceTree = "<group>"; };
		EABA3FE51F06160A00664D3E /* Base */ = {isa = PBXFileReference; lastKnownFileType = file.storyboard; name = Base; path = Base.lproj/LaunchScreen.storyboard; sourceTree = "<group>"; };
		EABA3FE71F06160A00664D3E /* Info.plist */ = {isa = PBXFileReference; lastKnownFileType = text.plist.xml; path = Info.plist; sourceTree = "<group>"; };
		EABA3FEC1F06160B00664D3E /* MyShareViewTests.xctest */ = {isa = PBXFileReference; explicitFileType = wrapper.cfbundle; includeInIndex = 0; path = MyShareViewTests.xctest; sourceTree = BUILT_PRODUCTS_DIR; };
		EABA3FF01F06160B00664D3E /* MyShareViewTests.m */ = {isa = PBXFileReference; lastKnownFileType = sourcecode.c.objc; path = MyShareViewTests.m; sourceTree = "<group>"; };
		EABA3FF21F06160B00664D3E /* Info.plist */ = {isa = PBXFileReference; lastKnownFileType = text.plist.xml; path = Info.plist; sourceTree = "<group>"; };
		EABA3FF71F06160B00664D3E /* MyShareViewUITests.xctest */ = {isa = PBXFileReference; explicitFileType = wrapper.cfbundle; includeInIndex = 0; path = MyShareViewUITests.xctest; sourceTree = BUILT_PRODUCTS_DIR; };
		EABA3FFB1F06160B00664D3E /* MyShareViewUITests.m */ = {isa = PBXFileReference; lastKnownFileType = sourcecode.c.objc; path = MyShareViewUITests.m; sourceTree = "<group>"; };
		EABA3FFD1F06160B00664D3E /* Info.plist */ = {isa = PBXFileReference; lastKnownFileType = text.plist.xml; path = Info.plist; sourceTree = "<group>"; };
		EABA40091F06164D00664D3E /* MyShareView.h */ = {isa = PBXFileReference; fileEncoding = 4; lastKnownFileType = sourcecode.c.h; path = MyShareView.h; sourceTree = "<group>"; };
		EABA400A1F06164D00664D3E /* MyShareView.m */ = {isa = PBXFileReference; fileEncoding = 4; lastKnownFileType = sourcecode.c.objc; path = MyShareView.m; sourceTree = "<group>"; };
/* End PBXFileReference section */

/* Begin PBXFrameworksBuildPhase section */
		EABA3FD01F06160A00664D3E /* Frameworks */ = {
			isa = PBXFrameworksBuildPhase;
			buildActionMask = 2147483647;
			files = (
			);
			runOnlyForDeploymentPostprocessing = 0;
		};
		EABA3FE91F06160B00664D3E /* Frameworks */ = {
			isa = PBXFrameworksBuildPhase;
			buildActionMask = 2147483647;
			files = (
			);
			runOnlyForDeploymentPostprocessing = 0;
		};
		EABA3FF41F06160B00664D3E /* Frameworks */ = {
			isa = PBXFrameworksBuildPhase;
			buildActionMask = 2147483647;
			files = (
			);
			runOnlyForDeploymentPostprocessing = 0;
		};
/* End PBXFrameworksBuildPhase section */

/* Begin PBXGroup section */
		EABA3FCA1F06160A00664D3E = {
			isa = PBXGroup;
			children = (
				EABA3FD51F06160A00664D3E /* MyShareView */,
				EABA3FEF1F06160B00664D3E /* MyShareViewTests */,
				EABA3FFA1F06160B00664D3E /* MyShareViewUITests */,
				EABA3FD41F06160A00664D3E /* Products */,
			);
			sourceTree = "<group>";
		};
		EABA3FD41F06160A00664D3E /* Products */ = {
			isa = PBXGroup;
			children = (
				EABA3FD31F06160A00664D3E /* MyShareView.app */,
				EABA3FEC1F06160B00664D3E /* MyShareViewTests.xctest */,
				EABA3FF71F06160B00664D3E /* MyShareViewUITests.xctest */,
			);
			name = Products;
			sourceTree = "<group>";
		};
		EABA3FD51F06160A00664D3E /* MyShareView */ = {
			isa = PBXGroup;
			children = (
				EABA3FD91F06160A00664D3E /* AppDelegate.h */,
				EABA3FDA1F06160A00664D3E /* AppDelegate.m */,
				EABA3FDC1F06160A00664D3E /* ViewController.h */,
				EABA3FDD1F06160A00664D3E /* ViewController.m */,
				EABA40091F06164D00664D3E /* MyShareView.h */,
				EABA400A1F06164D00664D3E /* MyShareView.m */,
				EABA3FDF1F06160A00664D3E /* Main.storyboard */,
				EABA3FE21F06160A00664D3E /* Assets.xcassets */,
				EABA3FE41F06160A00664D3E /* LaunchScreen.storyboard */,
				EABA3FE71F06160A00664D3E /* Info.plist */,
				EABA3FD61F06160A00664D3E /* Supporting Files */,
			);
			path = MyShareView;
			sourceTree = "<group>";
		};
		EABA3FD61F06160A00664D3E /* Supporting Files */ = {
			isa = PBXGroup;
			children = (
				EABA3FD71F06160A00664D3E /* main.m */,
			);
			name = "Supporting Files";
			sourceTree = "<group>";
		};
		EABA3FEF1F06160B00664D3E /* MyShareViewTests */ = {
			isa = PBXGroup;
			children = (
				EABA3FF01F06160B00664D3E /* MyShareViewTests.m */,
				EABA3FF21F06160B00664D3E /* Info.plist */,
			);
			path = MyShareViewTests;
			sourceTree = "<group>";
		};
		EABA3FFA1F06160B00664D3E /* MyShareViewUITests */ = {
			isa = PBXGroup;
			children = (
				EABA3FFB1F06160B00664D3E /* MyShareViewUITests.m */,
				EABA3FFD1F06160B00664D3E /* Info.plist */,
			);
			path = MyShareViewUITests;
			sourceTree = "<group>";
		};
/* End PBXGroup section */

/* Begin PBXNativeTarget section */
		EABA3FD21F06160A00664D3E /* MyShareView */ = {
			isa = PBXNativeTarget;
			buildConfigurationList = EABA40001F06160B00664D3E /* Build configuration list for PBXNativeTarget "MyShareView" */;
			buildPhases = (
				EABA3FCF1F06160A00664D3E /* Sources */,
				EABA3FD01F06160A00664D3E /* Frameworks */,
				EABA3FD11F06160A00664D3E /* Resources */,
			);
			buildRules = (
			);
			dependencies = (
			);
			name = MyShareView;
			productName = MyShareView;
			productReference = EABA3FD31F06160A00664D3E /* MyShareView.app */;
			productType = "com.apple.product-type.application";
		};
		EABA3FEB1F06160B00664D3E /* MyShareViewTests */ = {
			isa = PBXNativeTarget;
			buildConfigurationList = EABA40031F06160B00664D3E /* Build configuration list for PBXNativeTarget "MyShareViewTests" */;
			buildPhases = (
				EABA3FE81F06160B00664D3E /* Sources */,
				EABA3FE91F06160B00664D3E /* Frameworks */,
				EABA3FEA1F06160B00664D3E /* Resources */,
			);
			buildRules = (
			);
			dependencies = (
				EABA3FEE1F06160B00664D3E /* PBXTargetDependency */,
			);
			name = MyShareViewTests;
			productName = MyShareViewTests;
			productReference = EABA3FEC1F06160B00664D3E /* MyShareViewTests.xctest */;
			productType = "com.apple.product-type.bundle.unit-test";
		};
		EABA3FF61F06160B00664D3E /* MyShareViewUITests */ = {
			isa = PBXNativeTarget;
			buildConfigurationList = EABA40061F06160B00664D3E /* Build configuration list for PBXNativeTarget "MyShareViewUITests" */;
			buildPhases = (
				EABA3FF31F06160B00664D3E /* Sources */,
				EABA3FF41F06160B00664D3E /* Frameworks */,
				EABA3FF51F06160B00664D3E /* Resources */,
			);
			buildRules = (
			);
			dependencies = (
				EABA3FF91F06160B00664D3E /* PBXTargetDependency */,
			);
			name = MyShareViewUITests;
			productName = MyShareViewUITests;
			productReference = EABA3FF71F06160B00664D3E /* MyShareViewUITests.xctest */;
			productType = "com.apple.product-type.bundle.ui-testing";
		};
/* End PBXNativeTarget section */

/* Begin PBXProject section */
		EABA3FCB1F06160A00664D3E /* Project object */ = {
			isa = PBXProject;
			attributes = {
				LastUpgradeCheck = 0830;
				ORGANIZATIONNAME = "宋坤鹏";
				TargetAttributes = {
					EABA3FD21F06160A00664D3E = {
						CreatedOnToolsVersion = 8.3.2;
						DevelopmentTeam = GFCM7M8VRT;
						ProvisioningStyle = Automatic;
					};
					EABA3FEB1F06160B00664D3E = {
						CreatedOnToolsVersion = 8.3.2;
						DevelopmentTeam = GFCM7M8VRT;
						ProvisioningStyle = Automatic;
						TestTargetID = EABA3FD21F06160A00664D3E;
					};
					EABA3FF61F06160B00664D3E = {
						CreatedOnToolsVersion = 8.3.2;
						DevelopmentTeam = GFCM7M8VRT;
						ProvisioningStyle = Automatic;
						TestTargetID = EABA3FD21F06160A00664D3E;
					};
				};
			};
			buildConfigurationList = EABA3FCE1F06160A00664D3E /* Build configuration list for PBXProject "MyShareView" */;
			compatibilityVersion = "Xcode 3.2";
			developmentRegion = English;
			hasScannedForEncodings = 0;
			knownRegions = (
				en,
				Base,
			);
			mainGroup = EABA3FCA1F06160A00664D3E;
			productRefGroup = EABA3FD41F06160A00664D3E /* Products */;
			projectDirPath = "";
			projectRoot = "";
			targets = (
				EABA3FD21F06160A00664D3E /* MyShareView */,
				EABA3FEB1F06160B00664D3E /* MyShareViewTests */,
				EABA3FF61F06160B00664D3E /* MyShareViewUITests */,
			);
		};
/* End PBXProject section */

/* Begin PBXResourcesBuildPhase section */
		EABA3FD11F06160A00664D3E /* Resources */ = {
			isa = PBXResourcesBuildPhase;
			buildActionMask = 2147483647;
			files = (
				EABA3FE61F06160A00664D3E /* LaunchScreen.storyboard in Resources */,
				EABA3FE31F06160A00664D3E /* Assets.xcassets in Resources */,
				EABA3FE11F06160A00664D3E /* Main.storyboard in Resources */,
			);
			runOnlyForDeploymentPostprocessing = 0;
		};
		EABA3FEA1F06160B00664D3E /* Resources */ = {
			isa = PBXResourcesBuildPhase;
			buildActionMask = 2147483647;
			files = (
			);
			runOnlyForDeploymentPostprocessing = 0;
		};
		EABA3FF51F06160B00664D3E /* Resources */ = {
			isa = PBXResourcesBuildPhase;
			buildActionMask = 2147483647;
			files = (
			);
			runOnlyForDeploymentPostprocessing = 0;
		};
/* End PBXResourcesBuildPhase section */

/* Begin PBXSourcesBuildPhase section */
		EABA3FCF1F06160A00664D3E /* Sources */ = {
			isa = PBXSourcesBuildPhase;
			buildActionMask = 2147483647;
			files = (
				EABA400B1F06164D00664D3E /* MyShareView.m in Sources */,
				EABA3FDE1F06160A00664D3E /* ViewController.m in Sources */,
				EABA3FDB1F06160A00664D3E /* AppDelegate.m in Sources */,
				EABA3FD81F06160A00664D3E /* main.m in Sources */,
			);
			runOnlyForDeploymentPostprocessing = 0;
		};
		EABA3FE81F06160B00664D3E /* Sources */ = {
			isa = PBXSourcesBuildPhase;
			buildActionMask = 2147483647;
			files = (
				EABA3FF11F06160B00664D3E /* MyShareViewTests.m in Sources */,
			);
			runOnlyForDeploymentPostprocessing = 0;
		};
		EABA3FF31F06160B00664D3E /* Sources */ = {
			isa = PBXSourcesBuildPhase;
			buildActionMask = 2147483647;
			files = (
				EABA3FFC1F06160B00664D3E /* MyShareViewUITests.m in Sources */,
			);
			runOnlyForDeploymentPostprocessing = 0;
		};
/* End PBXSourcesBuildPhase section */

/* Begin PBXTargetDependency section */
		EABA3FEE1F06160B00664D3E /* PBXTargetDependency */ = {
			isa = PBXTargetDependency;
			target = EABA3FD21F06160A00664D3E /* MyShareView */;
			targetProxy = EABA3FED1F06160B00664D3E /* PBXContainerItemProxy */;
		};
		EABA3FF91F06160B00664D3E /* PBXTargetDependency */ = {
			isa = PBXTargetDependency;
			target = EABA3FD21F06160A00664D3E /* MyShareView */;
			targetProxy = EABA3FF81F06160B00664D3E /* PBXContainerItemProxy */;
		};
/* End PBXTargetDependency section */

/* Begin PBXVariantGroup section */
		EABA3FDF1F06160A00664D3E /* Main.storyboard */ = {
			isa = PBXVariantGroup;
			children = (
				EABA3FE01F06160A00664D3E /* Base */,
			);
			name = Main.storyboard;
			sourceTree = "<group>";
		};
		EABA3FE41F06160A00664D3E /* LaunchScreen.storyboard */ = {
			isa = PBXVariantGroup;
			children = (
				EABA3FE51F06160A00664D3E /* Base */,
			);
			name = LaunchScreen.storyboard;
			sourceTree = "<group>";
		};
/* End PBXVariantGroup section */

/* Begin XCBuildConfiguration section */
		EABA3FFE1F06160B00664D3E /* Debug */ = {
			isa = XCBuildConfiguration;
			buildSettings = {
				ALWAYS_SEARCH_USER_PATHS = NO;
				CLANG_ANALYZER_NONNULL = YES;
				CLANG_ANALYZER_NUMBER_OBJECT_CONVERSION = YES_AGGRESSIVE;
				CLANG_CXX_LANGUAGE_STANDARD = "gnu++0x";
				CLANG_CXX_LIBRARY = "libc++";
				CLANG_ENABLE_MODULES = YES;
				CLANG_ENABLE_OBJC_ARC = YES;
				CLANG_WARN_BOOL_CONVERSION = YES;
				CLANG_WARN_CONSTANT_CONVERSION = YES;
				CLANG_WARN_DIRECT_OBJC_ISA_USAGE = YES_ERROR;
				CLANG_WARN_DOCUMENTATION_COMMENTS = YES;
				CLANG_WARN_EMPTY_BODY = YES;
				CLANG_WARN_ENUM_CONVERSION = YES;
				CLANG_WARN_INFINITE_RECURSION = YES;
				CLANG_WARN_INT_CONVERSION = YES;
				CLANG_WARN_OBJC_ROOT_CLASS = YES_ERROR;
				CLANG_WARN_SUSPICIOUS_MOVE = YES;
				CLANG_WARN_UNREACHABLE_CODE = YES;
				CLANG_WARN__DUPLICATE_METHOD_MATCH = YES;
				"CODE_SIGN_IDENTITY[sdk=iphoneos*]" = "iPhone Developer";
				COPY_PHASE_STRIP = NO;
				DEBUG_INFORMATION_FORMAT = dwarf;
				ENABLE_STRICT_OBJC_MSGSEND = YES;
				ENABLE_TESTABILITY = YES;
				GCC_C_LANGUAGE_STANDARD = gnu99;
				GCC_DYNAMIC_NO_PIC = NO;
				GCC_NO_COMMON_BLOCKS = YES;
				GCC_OPTIMIZATION_LEVEL = 0;
				GCC_PREPROCESSOR_DEFINITIONS = (
					"DEBUG=1",
					"$(inherited)",
				);
				GCC_WARN_64_TO_32_BIT_CONVERSION = YES;
				GCC_WARN_ABOUT_RETURN_TYPE = YES_ERROR;
				GCC_WARN_UNDECLARED_SELECTOR = YES;
				GCC_WARN_UNINITIALIZED_AUTOS = YES_AGGRESSIVE;
				GCC_WARN_UNUSED_FUNCTION = YES;
				GCC_WARN_UNUSED_VARIABLE = YES;
				IPHONEOS_DEPLOYMENT_TARGET = 10.3;
				MTL_ENABLE_DEBUG_INFO = YES;
				ONLY_ACTIVE_ARCH = YES;
				SDKROOT = iphoneos;
			};
			name = Debug;
		};
		EABA3FFF1F06160B00664D3E /* Release */ = {
			isa = XCBuildConfiguration;
			buildSettings = {
				ALWAYS_SEARCH_USER_PATHS = NO;
				CLANG_ANALYZER_NONNULL = YES;
				CLANG_ANALYZER_NUMBER_OBJECT_CONVERSION = YES_AGGRESSIVE;
				CLANG_CXX_LANGUAGE_STANDARD = "gnu++0x";
				CLANG_CXX_LIBRARY = "libc++";
				CLANG_ENABLE_MODULES = YES;
				CLANG_ENABLE_OBJC_ARC = YES;
				CLANG_WARN_BOOL_CONVERSION = YES;
				CLANG_WARN_CONSTANT_CONVERSION = YES;
				CLANG_WARN_DIRECT_OBJC_ISA_USAGE = YES_ERROR;
				CLANG_WARN_DOCUMENTATION_COMMENTS = YES;
				CLANG_WARN_EMPTY_BODY = YES;
				CLANG_WARN_ENUM_CONVERSION = YES;
				CLANG_WARN_INFINITE_RECURSION = YES;
				CLANG_WARN_INT_CONVERSION = YES;
				CLANG_WARN_OBJC_ROOT_CLASS = YES_ERROR;
				CLANG_WARN_SUSPICIOUS_MOVE = YES;
				CLANG_WARN_UNREACHABLE_CODE = YES;
				CLANG_WARN__DUPLICATE_METHOD_MATCH = YES;
				"CODE_SIGN_IDENTITY[sdk=iphoneos*]" = "iPhone Developer";
				COPY_PHASE_STRIP = NO;
				DEBUG_INFORMATION_FORMAT = "dwarf-with-dsym";
				ENABLE_NS_ASSERTIONS = NO;
				ENABLE_STRICT_OBJC_MSGSEND = YES;
				GCC_C_LANGUAGE_STANDARD = gnu99;
				GCC_NO_COMMON_BLOCKS = YES;
				GCC_WARN_64_TO_32_BIT_CONVERSION = YES;
				GCC_WARN_ABOUT_RETURN_TYPE = YES_ERROR;
				GCC_WARN_UNDECLARED_SELECTOR = YES;
				GCC_WARN_UNINITIALIZED_AUTOS = YES_AGGRESSIVE;
				GCC_WARN_UNUSED_FUNCTION = YES;
				GCC_WARN_UNUSED_VARIABLE = YES;
				IPHONEOS_DEPLOYMENT_TARGET = 10.3;
				MTL_ENABLE_DEBUG_INFO = NO;
				SDKROOT = iphoneos;
				VALIDATE_PRODUCT = YES;
			};
			name = Release;
		};
		EABA40011F06160B00664D3E /* Debug */ = {
			isa = XCBuildConfiguration;
			buildSettings = {
				ASSETCATALOG_COMPILER_APPICON_NAME = AppIcon;
				DEVELOPMENT_TEAM = GFCM7M8VRT;
				INFOPLIST_FILE = MyShareView/Info.plist;
				LD_RUNPATH_SEARCH_PATHS = "$(inherited) @executable_path/Frameworks";
				PRODUCT_BUNDLE_IDENTIFIER = ddd.MyShareView;
				PRODUCT_NAME = "$(TARGET_NAME)";
			};
			name = Debug;
		};
		EABA40021F06160B00664D3E /* Release */ = {
			isa = XCBuildConfiguration;
			buildSettings = {
				ASSETCATALOG_COMPILER_APPICON_NAME = AppIcon;
				DEVELOPMENT_TEAM = GFCM7M8VRT;
				INFOPLIST_FILE = MyShareView/Info.plist;
				LD_RUNPATH_SEARCH_PATHS = "$(inherited) @executable_path/Frameworks";
				PRODUCT_BUNDLE_IDENTIFIER = ddd.MyShareView;
				PRODUCT_NAME = "$(TARGET_NAME)";
			};
			name = Release;
		};
		EABA40041F06160B00664D3E /* Debug */ = {
			isa = XCBuildConfiguration;
			buildSettings = {
				BUNDLE_LOADER = "$(TEST_HOST)";
				DEVELOPMENT_TEAM = GFCM7M8VRT;
				INFOPLIST_FILE = MyShareViewTests/Info.plist;
				LD_RUNPATH_SEARCH_PATHS = "$(inherited) @executable_path/Frameworks @loader_path/Frameworks";
				PRODUCT_BUNDLE_IDENTIFIER = ddd.MyShareViewTests;
				PRODUCT_NAME = "$(TARGET_NAME)";
				TEST_HOST = "$(BUILT_PRODUCTS_DIR)/MyShareView.app/MyShareView";
			};
			name = Debug;
		};
		EABA40051F06160B00664D3E /* Release */ = {
			isa = XCBuildConfiguration;
			buildSettings = {
				BUNDLE_LOADER = "$(TEST_HOST)";
				DEVELOPMENT_TEAM = GFCM7M8VRT;
				INFOPLIST_FILE = MyShareViewTests/Info.plist;
				LD_RUNPATH_SEARCH_PATHS = "$(inherited) @executable_path/Frameworks @loader_path/Frameworks";
				PRODUCT_BUNDLE_IDENTIFIER = ddd.MyShareViewTests;
				PRODUCT_NAME = "$(TARGET_NAME)";
				TEST_HOST = "$(BUILT_PRODUCTS_DIR)/MyShareView.app/MyShareView";
			};
			name = Release;
		};
		EABA40071F06160B00664D3E /* Debug */ = {
			isa = XCBuildConfiguration;
			buildSettings = {
				DEVELOPMENT_TEAM = GFCM7M8VRT;
				INFOPLIST_FILE = MyShareViewUITests/Info.plist;
				LD_RUNPATH_SEARCH_PATHS = "$(inherited) @executable_path/Frameworks @loader_path/Frameworks";
				PRODUCT_BUNDLE_IDENTIFIER = ddd.MyShareViewUITests;
				PRODUCT_NAME = "$(TARGET_NAME)";
				TEST_TARGET_NAME = MyShareView;
			};
			name = Debug;
		};
		EABA40081F06160B00664D3E /* Release */ = {
			isa = XCBuildConfiguration;
			buildSettings = {
				DEVELOPMENT_TEAM = GFCM7M8VRT;
				INFOPLIST_FILE = MyShareViewUITests/Info.plist;
				LD_RUNPATH_SEARCH_PATHS = "$(inherited) @executable_path/Frameworks @loader_path/Frameworks";
				PRODUCT_BUNDLE_IDENTIFIER = ddd.MyShareViewUITests;
				PRODUCT_NAME = "$(TARGET_NAME)";
				TEST_TARGET_NAME = MyShareView;
			};
			name = Release;
		};
/* End XCBuildConfiguration section */

/* Begin XCConfigurationList section */
		EABA3FCE1F06160A00664D3E /* Build configuration list for PBXProject "MyShareView" */ = {
			isa = XCConfigurationList;
			buildConfigurations = (
				EABA3FFE1F06160B00664D3E /* Debug */,
				EABA3FFF1F06160B00664D3E /* Release */,
			);
			defaultConfigurationIsVisible = 0;
			defaultConfigurationName = Release;
		};
		EABA40001F06160B00664D3E /* Build configuration list for PBXNativeTarget "MyShareView" */ = {
			isa = XCConfigurationList;
			buildConfigurations = (
				EABA40011F06160B00664D3E /* Debug */,
				EABA40021F06160B00664D3E /* Release */,
			);
			defaultConfigurationIsVisible = 0;
		};
		EABA40031F06160B00664D3E /* Build configuration list for PBXNativeTarget "MyShareViewTests" */ = {
			isa = XCConfigurationList;
			buildConfigurations = (
				EABA40041F06160B00664D3E /* Debug */,
				EABA40051F06160B00664D3E /* Release */,
			);
			defaultConfigurationIsVisible = 0;
		};
		EABA40061F06160B00664D3E /* Build configuration list for PBXNativeTarget "MyShareViewUITests" */ = {
			isa = XCConfigurationList;
			buildConfigurations = (
				EABA40071F06160B00664D3E /* Debug */,
				EABA40081F06160B00664D3E /* Release */,
			);
			defaultConfigurationIsVisible = 0;
		};
/* End XCConfigurationList section */
	};
	rootObject = EABA3FCB1F06160A00664D3E /* Project object */;
}
